
Microsoft Visual Studio Solution File, Format Version 11.00
# Visual Studio 2010
Project("{FAE04EC0-301F-11D3-BF4B-00C04F79EFBC}") = "PhotonUnityNetworking.Demos", "PhotonUnityNetworking.Demos.csproj", "{d3603470-a103-60ce-e4ad-db85f5bb189a}"
EndProject
Project("{FAE04EC0-301F-11D3-BF4B-00C04F79EFBC}") = "PhotonUnityNetworking.Utilities", "PhotonUnityNetworking.Utilities.csproj", "{e4e1d4cf-c646-cd60-39bc-57255a3aae2b}"
EndProject
Project("{FAE04EC0-301F-11D3-BF4B-00C04F79EFBC}") = "Assembly-CSharp", "Assembly-CSharp.csproj", "{e0eb82e5-54b0-cddc-623b-a17603ed30bb}"
EndProject
Project("{FAE04EC0-301F-11D3-BF4B-00C04F79EFBC}") = "PhotonChat", "PhotonChat.csproj", "{b8c38d72-4e31-0b76-4717-e45a2b7d4031}"
EndProject
Project("{FAE04EC0-301F-11D3-BF4B-00C04F79EFBC}") = "PhotonUnityNetworking", "PhotonUnityNetworking.csproj", "{e1f16b53-6c14-f4b8-6e94-156f9d0578ee}"
EndProject
Project("{FAE04EC0-301F-11D3-BF4B-00C04F79EFBC}") = "PhotonRealtime", "PhotonRealtime.csproj", "{21e5d091-7cab-1c55-1dba-06c552858494}"
EndProject
Project("{FAE04EC0-301F-11D3-BF4B-00C04F79EFBC}") = "PhotonWebSocket", "PhotonWebSocket.csproj", "{c52eaa95-b239-87fb-95e0-4d9b7d17ed8c}"
EndProject
Project("{FAE04EC0-301F-11D3-BF4B-00C04F79EFBC}") = "PhotonUnityNetworking.Editor", "PhotonUnityNetworking.Editor.csproj", "{54c8b6c9-ab22-b8d8-1c3a-81b8d6535f1f}"
EndProject
Project("{FAE04EC0-301F-11D3-BF4B-00C04F79EFBC}") = "PunDemos.DemoHubEditor", "PunDemos.DemoHubEditor.csproj", "{66f77abb-859d-0bd3-1027-0927c362dd11}"
EndProject
Project("{FAE04EC0-301F-11D3-BF4B-00C04F79EFBC}") = "PhotonUnityNetworking.Utilities.PhotonPlayer.Editor", "PhotonUnityNetworking.Utilities.PhotonPlayer.Editor.csproj", "{635c99d3-041e-1eb5-5a2b-c137a82c109a}"
EndProject
Project("{FAE04EC0-301F-11D3-BF4B-00C04F79EFBC}") = "PhotonUnityNetworking.Utilities.Culling.Editor", "PhotonUnityNetworking.Utilities.Culling.Editor.csproj", "{d2f3cac8-6cf0-505d-b2ba-379a9e481667}"
EndProject
Project("{FAE04EC0-301F-11D3-BF4B-00C04F79EFBC}") = "PunDemos.DemoSlotcarEditor", "PunDemos.DemoSlotcarEditor.csproj", "{9786a0b0-3fd1-4fa9-62ca-f2be4e61588e}"
EndProject
Global
	GlobalSection(SolutionConfigurationPlatforms) = preSolution
		Debug|Any CPU = Debug|Any CPU
		Release|Any CPU = Release|Any CPU
	EndGlobalSection
	GlobalSection(ProjectConfigurationPlatforms) = postSolution
		{d3603470-a103-60ce-e4ad-db85f5bb189a}.Debug|Any CPU.ActiveCfg = Debug|Any CPU
		{d3603470-a103-60ce-e4ad-db85f5bb189a}.Debug|Any CPU.Build.0 = Debug|Any CPU
		{d3603470-a103-60ce-e4ad-db85f5bb189a}.Release|Any CPU.ActiveCfg = Release|Any CPU
		{d3603470-a103-60ce-e4ad-db85f5bb189a}.Release|Any CPU.Build.0 = Release|Any CPU
		{e4e1d4cf-c646-cd60-39bc-57255a3aae2b}.Debug|Any CPU.ActiveCfg = Debug|Any CPU
		{e4e1d4cf-c646-cd60-39bc-57255a3aae2b}.Debug|Any CPU.Build.0 = Debug|Any CPU
		{e4e1d4cf-c646-cd60-39bc-57255a3aae2b}.Release|Any CPU.ActiveCfg = Release|Any CPU
		{e4e1d4cf-c646-cd60-39bc-57255a3aae2b}.Release|Any CPU.Build.0 = Release|Any CPU
		{e0eb82e5-54b0-cddc-623b-a17603ed30bb}.Debug|Any CPU.ActiveCfg = Debug|Any CPU
		{e0eb82e5-54b0-cddc-623b-a17603ed30bb}.Debug|Any CPU.Build.0 = Debug|Any CPU
		{e0eb82e5-54b0-cddc-623b-a17603ed30bb}.Release|Any CPU.ActiveCfg = Release|Any CPU
		{e0eb82e5-54b0-cddc-623b-a17603ed30bb}.Release|Any CPU.Build.0 = Release|Any CPU
		{b8c38d72-4e31-0b76-4717-e45a2b7d4031}.Debug|Any CPU.ActiveCfg = Debug|Any CPU
		{b8c38d72-4e31-0b76-4717-e45a2b7d4031}.Debug|Any CPU.Build.0 = Debug|Any CPU
		{b8c38d72-4e31-0b76-4717-e45a2b7d4031}.Release|Any CPU.ActiveCfg = Release|Any CPU
		{b8c38d72-4e31-0b76-4717-e45a2b7d4031}.Release|Any CPU.Build.0 = Release|Any CPU
		{e1f16b53-6c14-f4b8-6e94-156f9d0578ee}.Debug|Any CPU.ActiveCfg = Debug|Any CPU
		{e1f16b53-6c14-f4b8-6e94-156f9d0578ee}.Debug|Any CPU.Build.0 = Debug|Any CPU
		{e1f16b53-6c14-f4b8-6e94-156f9d0578ee}.Release|Any CPU.ActiveCfg = Release|Any CPU
		{e1f16b53-6c14-f4b8-6e94-156f9d0578ee}.Release|Any CPU.Build.0 = Release|Any CPU
		{21e5d091-7cab-1c55-1dba-06c552858494}.Debug|Any CPU.ActiveCfg = Debug|Any CPU
		{21e5d091-7cab-1c55-1dba-06c552858494}.Debug|Any CPU.Build.0 = Debug|Any CPU
		{21e5d091-7cab-1c55-1dba-06c552858494}.Release|Any CPU.ActiveCfg = Release|Any CPU
		{21e5d091-7cab-1c55-1dba-06c552858494}.Release|Any CPU.Build.0 = Release|Any CPU
		{c52eaa95-b239-87fb-95e0-4d9b7d17ed8c}.Debug|Any CPU.ActiveCfg = Debug|Any CPU
		{c52eaa95-b239-87fb-95e0-4d9b7d17ed8c}.Debug|Any CPU.Build.0 = Debug|Any CPU
		{c52eaa95-b239-87fb-95e0-4d9b7d17ed8c}.Release|Any CPU.ActiveCfg = Release|Any CPU
		{c52eaa95-b239-87fb-95e0-4d9b7d17ed8c}.Release|Any CPU.Build.0 = Release|Any CPU
		{54c8b6c9-ab22-b8d8-1c3a-81b8d6535f1f}.Debug|Any CPU.ActiveCfg = Debug|Any CPU
		{54c8b6c9-ab22-b8d8-1c3a-81b8d6535f1f}.Debug|Any CPU.Build.0 = Debug|Any CPU
		{54c8b6c9-ab22-b8d8-1c3a-81b8d6535f1f}.Release|Any CPU.ActiveCfg = Release|Any CPU
		{54c8b6c9-ab22-b8d8-1c3a-81b8d6535f1f}.Release|Any CPU.Build.0 = Release|Any CPU
		{66f77abb-859d-0bd3-1027-0927c362dd11}.Debug|Any CPU.ActiveCfg = Debug|Any CPU
		{66f77abb-859d-0bd3-1027-0927c362dd11}.Debug|Any CPU.Build.0 = Debug|Any CPU
		{66f77abb-859d-0bd3-1027-0927c362dd11}.Release|Any CPU.ActiveCfg = Release|Any CPU
		{66f77abb-859d-0bd3-1027-0927c362dd11}.Release|Any CPU.Build.0 = Release|Any CPU
		{635c99d3-041e-1eb5-5a2b-c137a82c109a}.Debug|Any CPU.ActiveCfg = Debug|Any CPU
		{635c99d3-041e-1eb5-5a2b-c137a82c109a}.Debug|Any CPU.Build.0 = Debug|Any CPU
		{635c99d3-041e-1eb5-5a2b-c137a82c109a}.Release|Any CPU.ActiveCfg = Release|Any CPU
		{635c99d3-041e-1eb5-5a2b-c137a82c109a}.Release|Any CPU.Build.0 = Release|Any CPU
		{d2f3cac8-6cf0-505d-b2ba-379a9e481667}.Debug|Any CPU.ActiveCfg = Debug|Any CPU
		{d2f3cac8-6cf0-505d-b2ba-379a9e481667}.Debug|Any CPU.Build.0 = Debug|Any CPU
		{d2f3cac8-6cf0-505d-b2ba-379a9e481667}.Release|Any CPU.ActiveCfg = Release|Any CPU
		{d2f3cac8-6cf0-505d-b2ba-379a9e481667}.Release|Any CPU.Build.0 = Release|Any CPU
		{9786a0b0-3fd1-4fa9-62ca-f2be4e61588e}.Debug|Any CPU.ActiveCfg = Debug|Any CPU
		{9786a0b0-3fd1-4fa9-62ca-f2be4e61588e}.Debug|Any CPU.Build.0 = Debug|Any CPU
		{9786a0b0-3fd1-4fa9-62ca-f2be4e61588e}.Release|Any CPU.ActiveCfg = Release|Any CPU
		{9786a0b0-3fd1-4fa9-62ca-f2be4e61588e}.Release|Any CPU.Build.0 = Release|Any CPU
	EndGlobalSection
	GlobalSection(SolutionProperties) = preSolution
		HideSolutionNode = FALSE
	EndGlobalSection
EndGlobal
